
Microsoft Visual Studio Solution File, Format Version 12.00
# Visual Studio Version 17
VisualStudioVersion = 17.8.34309.116
MinimumVisualStudioVersion = 10.0.40219.1
Project("{8BC9CEB8-8B4A-11D0-8D11-00A0C91BC942}") = "09.02.2024", "09.02.2024\09.02.2024.vcxproj", "{CB750653-9946-421B-9539-490CDA9507A2}"
EndProject
Global
	GlobalSection(SolutionConfigurationPlatforms) = preSolution
		Debug|x64 = Debug|x64
		Debug|x86 = Debug|x86
		Release|x64 = Release|x64
		Release|x86 = Release|x86
	EndGlobalSection
	GlobalSection(ProjectConfigurationPlatforms) = postSolution
		{CB750653-9946-421B-9539-490CDA9507A2}.Debug|x64.ActiveCfg = Debug|x64
		{CB750653-9946-421B-9539-490CDA9507A2}.Debug|x64.Build.0 = Debug|x64
		{CB750653-9946-421B-9539-490CDA9507A2}.Debug|x86.ActiveCfg = Debug|Win32
		{CB750653-9946-421B-9539-490CDA9507A2}.Debug|x86.Build.0 = Debug|Win32
		{CB750653-9946-421B-9539-490CDA9507A2}.Release|x64.ActiveCfg = Release|x64
		{CB750653-9946-421B-9539-490CDA9507A2}.Release|x64.Build.0 = Release|x64
		{CB750653-9946-421B-9539-490CDA9507A2}.Release|x86.ActiveCfg = Release|Win32
		{CB750653-9946-421B-9539-490CDA9507A2}.Release|x86.Build.0 = Release|Win32
	EndGlobalSection
	GlobalSection(SolutionProperties) = preSolution
		HideSolutionNode = FALSE
	EndGlobalSection
	GlobalSection(ExtensibilityGlobals) = postSolution
		SolutionGuid = {C29B0CDA-5272-4CDD-9B9F-07BB584D9967}
	EndGlobalSection
EndGlobal
